// !$*UTF8*$!
{
	archiveVersion = 1;
	classes = {
	};
	objectVersion = 46;
	objects = {

/* Begin PBXBuildFile section */
		CD1AAD861D92B44700908C08 /* AppDelegate.swift in Sources */ = {isa = PBXBuildFile; fileRef = CD1AAD851D92B44700908C08 /* AppDelegate.swift */; };
		CD1AAD881D92B44700908C08 /* ViewController.swift in Sources */ = {isa = PBXBuildFile; fileRef = CD1AAD871D92B44700908C08 /* ViewController.swift */; };
		CD1AAD8B1D92B44700908C08 /* Main.storyboard in Resources */ = {isa = PBXBuildFile; fileRef = CD1AAD891D92B44700908C08 /* Main.storyboard */; };
		CD1AAD8D1D92B44700908C08 /* Assets.xcassets in Resources */ = {isa = PBXBuildFile; fileRef = CD1AAD8C1D92B44700908C08 /* Assets.xcassets */; };
		CD1AAD901D92B44700908C08 /* LaunchScreen.storyboard in Resources */ = {isa = PBXBuildFile; fileRef = CD1AAD8E1D92B44700908C08 /* LaunchScreen.storyboard */; };
		CD1AAD981D92BED700908C08 /* MascotViewController.swift in Sources */ = {isa = PBXBuildFile; fileRef = CD1AAD971D92BED700908C08 /* MascotViewController.swift */; };
/* End PBXBuildFile section */

/* Begin PBXFileReference section */
		CD1AAD821D92B44700908C08 /* Three Amigo2.app */ = {isa = PBXFileReference; explicitFileType = wrapper.application; includeInIndex = 0; path = "Three Amigo2.app"; sourceTree = BUILT_PRODUCTS_DIR; };
		CD1AAD851D92B44700908C08 /* AppDelegate.swift */ = {isa = PBXFileReference; lastKnownFileType = sourcecode.swift; path = AppDelegate.swift; sourceTree = "<group>"; };
		CD1AAD871D92B44700908C08 /* ViewController.swift */ = {isa = PBXFileReference; lastKnownFileType = sourcecode.swift; path = ViewController.swift; sourceTree = "<group>"; };
		CD1AAD8A1D92B44700908C08 /* Base */ = {isa = PBXFileReference; lastKnownFileType = file.storyboard; name = Base; path = Base.lproj/Main.storyboard; sourceTree = "<group>"; };
		CD1AAD8C1D92B44700908C08 /* Assets.xcassets */ = {isa = PBXFileReference; lastKnownFileType = folder.assetcatalog; path = Assets.xcassets; sourceTree = "<group>"; };
		CD1AAD8F1D92B44700908C08 /* Base */ = {isa = PBXFileReference; lastKnownFileType = file.storyboard; name = Base; path = Base.lproj/LaunchScreen.storyboard; sourceTree = "<group>"; };
		CD1AAD911D92B44700908C08 /* Info.plist */ = {isa = PBXFileReference; lastKnownFileType = text.plist.xml; path = Info.plist; sourceTree = "<group>"; };
		CD1AAD971D92BED700908C08 /* MascotViewController.swift */ = {isa = PBXFileReference; fileEncoding = 4; lastKnownFileType = sourcecode.swift; path = MascotViewController.swift; sourceTree = "<group>"; };
/* End PBXFileReference section */

/* Begin PBXFrameworksBuildPhase section */
		CD1AAD7F1D92B44700908C08 /* Frameworks */ = {
			isa = PBXFrameworksBuildPhase;
			buildActionMask = 2147483647;
			files = (
			);
			runOnlyForDeploymentPostprocessing = 0;
		};
/* End PBXFrameworksBuildPhase section */

/* Begin PBXGroup section */
		CD1AAD791D92B44700908C08 = {
			isa = PBXGroup;
			children = (
				CD1AAD841D92B44700908C08 /* Three Amigo2 */,
				CD1AAD831D92B44700908C08 /* Products */,
			);
			sourceTree = "<group>";
		};
		CD1AAD831D92B44700908C08 /* Products */ = {
			isa = PBXGroup;
			children = (
				CD1AAD821D92B44700908C08 /* Three Amigo2.app */,
			);
			name = Products;
			sourceTree = "<group>";
		};
		CD1AAD841D92B44700908C08 /* Three Amigo2 */ = {
			isa = PBXGroup;
			children = (
				CD1AAD851D92B44700908C08 /* AppDelegate.swift */,
				CD1AAD971D92BED700908C08 /* MascotViewController.swift */,
				CD1AAD871D92B44700908C08 /* ViewController.swift */,
				CD1AAD891D92B44700908C08 /* Main.storyboard */,
				CD1AAD8C1D92B44700908C08 /* Assets.xcassets */,
				CD1AAD8E1D92B44700908C08 /* LaunchScreen.storyboard */,
				CD1AAD911D92B44700908C08 /* Info.plist */,
			);
			path = "Three Amigo2";
			sourceTree = "<group>";
		};
/* End PBXGroup section */

/* Begin PBXNativeTarget section */
		CD1AAD811D92B44700908C08 /* Three Amigo2 */ = {
			isa = PBXNativeTarget;
			buildConfigurationList = CD1AAD941D92B44700908C08 /* Build configuration list for PBXNativeTarget "Three Amigo2" */;
			buildPhases = (
				CD1AAD7E1D92B44700908C08 /* Sources */,
				CD1AAD7F1D92B44700908C08 /* Frameworks */,
				CD1AAD801D92B44700908C08 /* Resources */,
			);
			buildRules = (
			);
			dependencies = (
			);
			name = "Three Amigo2";
			productName = "Three Amigo2";
			productReference = CD1AAD821D92B44700908C08 /* Three Amigo2.app */;
			productType = "com.apple.product-type.application";
		};
/* End PBXNativeTarget section */

/* Begin PBXProject section */
		CD1AAD7A1D92B44700908C08 /* Project object */ = {
			isa = PBXProject;
			attributes = {
				LastSwiftUpdateCheck = 0800;
				LastUpgradeCheck = 0800;
				ORGANIZATIONNAME = oh000024;
				TargetAttributes = {
					CD1AAD811D92B44700908C08 = {
						CreatedOnToolsVersion = 8.0;
						ProvisioningStyle = Automatic;
					};
				};
			};
			buildConfigurationList = CD1AAD7D1D92B44700908C08 /* Build configuration list for PBXProject "Three Amigo2" */;
			compatibilityVersion = "Xcode 3.2";
			developmentRegion = English;
			hasScannedForEncodings = 0;
			knownRegions = (
				en,
				Base,
			);
			mainGroup = CD1AAD791D92B44700908C08;
			productRefGroup = CD1AAD831D92B44700908C08 /* Products */;
			projectDirPath = "";
			projectRoot = "";
			targets = (
				CD1AAD811D92B44700908C08 /* Three Amigo2 */,
			);
		};
/* End PBXProject section */

/* Begin PBXResourcesBuildPhase section */
		CD1AAD801D92B44700908C08 /* Resources */ = {
			isa = PBXResourcesBuildPhase;
			buildActionMask = 2147483647;
			files = (
				CD1AAD901D92B44700908C08 /* LaunchScreen.storyboard in Resources */,
				CD1AAD8D1D92B44700908C08 /* Assets.xcassets in Resources */,
				CD1AAD8B1D92B44700908C08 /* Main.storyboard in Resources */,
			);
			runOnlyForDeploymentPostprocessing = 0;
		};
/* End PBXResourcesBuildPhase section */

/* Begin PBXSourcesBuildPhase section */
		CD1AAD7E1D92B44700908C08 /* Sources */ = {
			isa = PBXSourcesBuildPhase;
			buildActionMask = 2147483647;
			files = (
				CD1AAD881D92B44700908C08 /* ViewController.swift in Sources */,
				CD1AAD861D92B44700908C08 /* AppDelegate.swift in Sources */,
				CD1AAD981D92BED700908C08 /* MascotViewController.swift in Sources */,
			);
			runOnlyForDeploymentPostprocessing = 0;
		};
/* End PBXSourcesBuildPhase section */

/* Begin PBXVariantGroup section */
		CD1AAD891D92B44700908C08 /* Main.storyboard */ = {
			isa = PBXVariantGroup;
			children = (
				CD1AAD8A1D92B44700908C08 /* Base */,
			);
			name = Main.storyboard;
			sourceTree = "<group>";
		};
		CD1AAD8E1D92B44700908C08 /* LaunchScreen.storyboard */ = {
			isa = PBXVariantGroup;
			children = (
				CD1AAD8F1D92B44700908C08 /* Base */,
			);
			name = LaunchScreen.storyboard;
			sourceTree = "<group>";
		};
/* End PBXVariantGroup section */

/* Begin XCBuildConfiguration section */
		CD1AAD921D92B44700908C08 /* Debug */ = {
			isa = XCBuildConfiguration;
			buildSettings = {
				ALWAYS_SEARCH_USER_PATHS = NO;
				CLANG_ANALYZER_NONNULL = YES;
				CLANG_CXX_LANGUAGE_STANDARD = "gnu++0x";
				CLANG_CXX_LIBRARY = "libc++";
				CLANG_ENABLE_MODULES = YES;
				CLANG_ENABLE_OBJC_ARC = YES;
				CLANG_WARN_BOOL_CONVERSION = YES;
				CLANG_WARN_CONSTANT_CONVERSION = YES;
				CLANG_WARN_DIRECT_OBJC_ISA_USAGE = YES_ERROR;
				CLANG_WARN_DOCUMENTATION_COMMENTS = YES;
				CLANG_WARN_EMPTY_BODY = YES;
				CLANG_WARN_ENUM_CONVERSION = YES;
				CLANG_WARN_INFINITE_RECURSION = YES;
				CLANG_WARN_INT_CONVERSION = YES;
				CLANG_WARN_OBJC_ROOT_CLASS = YES_ERROR;
				CLANG_WARN_SUSPICIOUS_MOVES = YES;
				CLANG_WARN_UNREACHABLE_CODE = YES;
				CLANG_WARN__DUPLICATE_METHOD_MATCH = YES;
				"CODE_SIGN_IDENTITY[sdk=iphoneos*]" = "iPhone Developer";
				COPY_PHASE_STRIP = NO;
				DEBUG_INFORMATION_FORMAT = dwarf;
				ENABLE_STRICT_OBJC_MSGSEND = YES;
				ENABLE_TESTABILITY = YES;
				GCC_C_LANGUAGE_STANDARD = gnu99;
				GCC_DYNAMIC_NO_PIC = NO;
				GCC_NO_COMMON_BLOCKS = YES;
				GCC_OPTIMIZATION_LEVEL = 0;
				GCC_PREPROCESSOR_DEFINITIONS = (
					"DEBUG=1",
					"$(inherited)",
				);
				GCC_WARN_64_TO_32_BIT_CONVERSION = YES;
				GCC_WARN_ABOUT_RETURN_TYPE = YES_ERROR;
				GCC_WARN_UNDECLARED_SELECTOR = YES;
				GCC_WARN_UNINITIALIZED_AUTOS = YES_AGGRESSIVE;
				GCC_WARN_UNUSED_FUNCTION = YES;
				GCC_WARN_UNUSED_VARIABLE = YES;
				IPHONEOS_DEPLOYMENT_TARGET = 10.0;
				MTL_ENABLE_DEBUG_INFO = YES;
				ONLY_ACTIVE_ARCH = YES;
				SDKROOT = iphoneos;
				SWIFT_ACTIVE_COMPILATION_CONDITIONS = DEBUG;
				SWIFT_OPTIMIZATION_LEVEL = "-Onone";
			};
			name = Debug;
		};
		CD1AAD931D92B44700908C08 /* Release */ = {
			isa = XCBuildConfiguration;
			buildSettings = {
				ALWAYS_SEARCH_USER_PATHS = NO;
				CLANG_ANALYZER_NONNULL = YES;
				CLANG_CXX_LANGUAGE_STANDARD = "gnu++0x";
				CLANG_CXX_LIBRARY = "libc++";
				CLANG_ENABLE_MODULES = YES;
				CLANG_ENABLE_OBJC_ARC = YES;
				CLANG_WARN_BOOL_CONVERSION = YES;
				CLANG_WARN_CONSTANT_CONVERSION = YES;
				CLANG_WARN_DIRECT_OBJC_ISA_USAGE = YES_ERROR;
				CLANG_WARN_DOCUMENTATION_COMMENTS = YES;
				CLANG_WARN_EMPTY_BODY = YES;
				CLANG_WARN_ENUM_CONVERSION = YES;
				CLANG_WARN_INFINITE_RECURSION = YES;
				CLANG_WARN_INT_CONVERSION = YES;
				CLANG_WARN_OBJC_ROOT_CLASS = YES_ERROR;
				CLANG_WARN_SUSPICIOUS_MOVES = YES;
				CLANG_WARN_UNREACHABLE_CODE = YES;
				CLANG_WARN__DUPLICATE_METHOD_MATCH = YES;
				"CODE_SIGN_IDENTITY[sdk=iphoneos*]" = "iPhone Developer";
				COPY_PHASE_STRIP = NO;
				DEBUG_INFORMATION_FORMAT = "dwarf-with-dsym";
				ENABLE_NS_ASSERTIONS = NO;
				ENABLE_STRICT_OBJC_MSGSEND = YES;
				GCC_C_LANGUAGE_STANDARD = gnu99;
				GCC_NO_COMMON_BLOCKS = YES;
				GCC_WARN_64_TO_32_BIT_CONVERSION = YES;
				GCC_WARN_ABOUT_RETURN_TYPE = YES_ERROR;
				GCC_WARN_UNDECLARED_SELECTOR = YES;
				GCC_WARN_UNINITIALIZED_AUTOS = YES_AGGRESSIVE;
				GCC_WARN_UNUSED_FUNCTION = YES;
				GCC_WARN_UNUSED_VARIABLE = YES;
				IPHONEOS_DEPLOYMENT_TARGET = 10.0;
				MTL_ENABLE_DEBUG_INFO = NO;
				SDKROOT = iphoneos;
				SWIFT_OPTIMIZATION_LEVEL = "-Owholemodule";
				VALIDATE_PRODUCT = YES;
			};
			name = Release;
		};
		CD1AAD951D92B44700908C08 /* Debug */ = {
			isa = XCBuildConfiguration;
			buildSettings = {
				ASSETCATALOG_COMPILER_APPICON_NAME = AppIcon;
				INFOPLIST_FILE = "Three Amigo2/Info.plist";
				LD_RUNPATH_SEARCH_PATHS = "$(inherited) @executable_path/Frameworks";
				PRODUCT_BUNDLE_IDENTIFIER = "com.algonquinlive.oh000024.Three-Amigo2";
				PRODUCT_NAME = "$(TARGET_NAME)";
				SWIFT_VERSION = 3.0;
			};
			name = Debug;
		};
		CD1AAD961D92B44700908C08 /* Release */ = {
			isa = XCBuildConfiguration;
			buildSettings = {
				ASSETCATALOG_COMPILER_APPICON_NAME = AppIcon;
				INFOPLIST_FILE = "Three Amigo2/Info.plist";
				LD_RUNPATH_SEARCH_PATHS = "$(inherited) @executable_path/Frameworks";
				PRODUCT_BUNDLE_IDENTIFIER = "com.algonquinlive.oh000024.Three-Amigo2";
				PRODUCT_NAME = "$(TARGET_NAME)";
				SWIFT_VERSION = 3.0;
			};
			name = Release;
		};
/* End XCBuildConfiguration section */

/* Begin XCConfigurationList section */
		CD1AAD7D1D92B44700908C08 /* Build configuration list for PBXProject "Three Amigo2" */ = {
			isa = XCConfigurationList;
			buildConfigurations = (
				CD1AAD921D92B44700908C08 /* Debug */,
				CD1AAD931D92B44700908C08 /* Release */,
			);
			defaultConfigurationIsVisible = 0;
			defaultConfigurationName = Release;
		};
		CD1AAD941D92B44700908C08 /* Build configuration list for PBXNativeTarget "Three Amigo2" */ = {
			isa = XCConfigurationList;
			buildConfigurations = (
				CD1AAD951D92B44700908C08 /* Debug */,
				CD1AAD961D92B44700908C08 /* Release */,
			);
			defaultConfigurationIsVisible = 0;
			defaultConfigurationName = Release;
		};
/* End XCConfigurationList section */
	};
	rootObject = CD1AAD7A1D92B44700908C08 /* Project object */;
}
