// !$*UTF8*$!
{
	archiveVersion = 1;
	classes = {
	};
	objectVersion = 46;
	objects = {

/* Begin PBXBuildFile section */
		CD5632631D99CE4900DA637F /* AppDelegate.swift in Sources */ = {isa = PBXBuildFile; fileRef = CD5632621D99CE4900DA637F /* AppDelegate.swift */; };
		CD56326A1D99CE4900DA637F /* Assets.xcassets in Resources */ = {isa = PBXBuildFile; fileRef = CD5632691D99CE4900DA637F /* Assets.xcassets */; };
		CD56326D1D99CE4900DA637F /* LaunchScreen.storyboard in Resources */ = {isa = PBXBuildFile; fileRef = CD56326B1D99CE4900DA637F /* LaunchScreen.storyboard */; };
		CD5632751D99CEB200DA637F /* ThreeAmigo.storyboard in Resources */ = {isa = PBXBuildFile; fileRef = CD5632741D99CEB200DA637F /* ThreeAmigo.storyboard */; };
		CD5632771D99CFF000DA637F /* ViewController.swift in Sources */ = {isa = PBXBuildFile; fileRef = CD5632761D99CFF000DA637F /* ViewController.swift */; };
		CD56327B1D99D0CB00DA637F /* mascotViewController.swift in Sources */ = {isa = PBXBuildFile; fileRef = CD56327A1D99D0CB00DA637F /* mascotViewController.swift */; };
/* End PBXBuildFile section */

/* Begin PBXFileReference section */
		CD56325F1D99CE4900DA637F /* Three Amigo.app */ = {isa = PBXFileReference; explicitFileType = wrapper.application; includeInIndex = 0; path = "Three Amigo.app"; sourceTree = BUILT_PRODUCTS_DIR; };
		CD5632621D99CE4900DA637F /* AppDelegate.swift */ = {isa = PBXFileReference; lastKnownFileType = sourcecode.swift; path = AppDelegate.swift; sourceTree = "<group>"; };
		CD5632691D99CE4900DA637F /* Assets.xcassets */ = {isa = PBXFileReference; lastKnownFileType = folder.assetcatalog; path = Assets.xcassets; sourceTree = "<group>"; };
		CD56326C1D99CE4900DA637F /* Base */ = {isa = PBXFileReference; lastKnownFileType = file.storyboard; name = Base; path = Base.lproj/LaunchScreen.storyboard; sourceTree = "<group>"; };
		CD56326E1D99CE4900DA637F /* Info.plist */ = {isa = PBXFileReference; lastKnownFileType = text.plist.xml; path = Info.plist; sourceTree = "<group>"; };
		CD5632741D99CEB200DA637F /* ThreeAmigo.storyboard */ = {isa = PBXFileReference; fileEncoding = 4; lastKnownFileType = file.storyboard; path = ThreeAmigo.storyboard; sourceTree = "<group>"; };
		CD5632761D99CFF000DA637F /* ViewController.swift */ = {isa = PBXFileReference; fileEncoding = 4; lastKnownFileType = sourcecode.swift; path = ViewController.swift; sourceTree = "<group>"; };
		CD56327A1D99D0CB00DA637F /* mascotViewController.swift */ = {isa = PBXFileReference; fileEncoding = 4; lastKnownFileType = sourcecode.swift; path = mascotViewController.swift; sourceTree = "<group>"; };
/* End PBXFileReference section */

/* Begin PBXFrameworksBuildPhase section */
		CD56325C1D99CE4900DA637F /* Frameworks */ = {
			isa = PBXFrameworksBuildPhase;
			buildActionMask = 2147483647;
			files = (
			);
			runOnlyForDeploymentPostprocessing = 0;
		};
/* End PBXFrameworksBuildPhase section */

/* Begin PBXGroup section */
		CD5632561D99CE4900DA637F = {
			isa = PBXGroup;
			children = (
				CD5632611D99CE4900DA637F /* Three Amigo */,
				CD5632601D99CE4900DA637F /* Products */,
			);
			sourceTree = "<group>";
		};
		CD5632601D99CE4900DA637F /* Products */ = {
			isa = PBXGroup;
			children = (
				CD56325F1D99CE4900DA637F /* Three Amigo.app */,
			);
			name = Products;
			sourceTree = "<group>";
		};
		CD5632611D99CE4900DA637F /* Three Amigo */ = {
			isa = PBXGroup;
			children = (
				CD5632621D99CE4900DA637F /* AppDelegate.swift */,
				CD5632691D99CE4900DA637F /* Assets.xcassets */,
				CD56326B1D99CE4900DA637F /* LaunchScreen.storyboard */,
				CD56326E1D99CE4900DA637F /* Info.plist */,
				CD5632741D99CEB200DA637F /* ThreeAmigo.storyboard */,
				CD5632761D99CFF000DA637F /* ViewController.swift */,
				CD56327A1D99D0CB00DA637F /* mascotViewController.swift */,
			);
			path = "Three Amigo";
			sourceTree = "<group>";
		};
/* End PBXGroup section */

/* Begin PBXNativeTarget section */
		CD56325E1D99CE4900DA637F /* Three Amigo */ = {
			isa = PBXNativeTarget;
			buildConfigurationList = CD5632711D99CE4900DA637F /* Build configuration list for PBXNativeTarget "Three Amigo" */;
			buildPhases = (
				CD56325B1D99CE4900DA637F /* Sources */,
				CD56325C1D99CE4900DA637F /* Frameworks */,
				CD56325D1D99CE4900DA637F /* Resources */,
			);
			buildRules = (
			);
			dependencies = (
			);
			name = "Three Amigo";
			productName = "Three Amigo";
			productReference = CD56325F1D99CE4900DA637F /* Three Amigo.app */;
			productType = "com.apple.product-type.application";
		};
/* End PBXNativeTarget section */

/* Begin PBXProject section */
		CD5632571D99CE4900DA637F /* Project object */ = {
			isa = PBXProject;
			attributes = {
				LastSwiftUpdateCheck = 0800;
				LastUpgradeCheck = 0800;
				ORGANIZATIONNAME = oh000024;
				TargetAttributes = {
					CD56325E1D99CE4900DA637F = {
						CreatedOnToolsVersion = 8.0;
						ProvisioningStyle = Automatic;
					};
				};
			};
			buildConfigurationList = CD56325A1D99CE4900DA637F /* Build configuration list for PBXProject "Three Amigo" */;
			compatibilityVersion = "Xcode 3.2";
			developmentRegion = English;
			hasScannedForEncodings = 0;
			knownRegions = (
				en,
				Base,
			);
			mainGroup = CD5632561D99CE4900DA637F;
			productRefGroup = CD5632601D99CE4900DA637F /* Products */;
			projectDirPath = "";
			projectRoot = "";
			targets = (
				CD56325E1D99CE4900DA637F /* Three Amigo */,
			);
		};
/* End PBXProject section */

/* Begin PBXResourcesBuildPhase section */
		CD56325D1D99CE4900DA637F /* Resources */ = {
			isa = PBXResourcesBuildPhase;
			buildActionMask = 2147483647;
			files = (
				CD56326D1D99CE4900DA637F /* LaunchScreen.storyboard in Resources */,
				CD56326A1D99CE4900DA637F /* Assets.xcassets in Resources */,
				CD5632751D99CEB200DA637F /* ThreeAmigo.storyboard in Resources */,
			);
			runOnlyForDeploymentPostprocessing = 0;
		};
/* End PBXResourcesBuildPhase section */

/* Begin PBXSourcesBuildPhase section */
		CD56325B1D99CE4900DA637F /* Sources */ = {
			isa = PBXSourcesBuildPhase;
			buildActionMask = 2147483647;
			files = (
				CD5632771D99CFF000DA637F /* ViewController.swift in Sources */,
				CD56327B1D99D0CB00DA637F /* mascotViewController.swift in Sources */,
				CD5632631D99CE4900DA637F /* AppDelegate.swift in Sources */,
			);
			runOnlyForDeploymentPostprocessing = 0;
		};
/* End PBXSourcesBuildPhase section */

/* Begin PBXVariantGroup section */
		CD56326B1D99CE4900DA637F /* LaunchScreen.storyboard */ = {
			isa = PBXVariantGroup;
			children = (
				CD56326C1D99CE4900DA637F /* Base */,
			);
			name = LaunchScreen.storyboard;
			sourceTree = "<group>";
		};
/* End PBXVariantGroup section */

/* Begin XCBuildConfiguration section */
		CD56326F1D99CE4900DA637F /* Debug */ = {
			isa = XCBuildConfiguration;
			buildSettings = {
				ALWAYS_SEARCH_USER_PATHS = NO;
				CLANG_ANALYZER_NONNULL = YES;
				CLANG_CXX_LANGUAGE_STANDARD = "gnu++0x";
				CLANG_CXX_LIBRARY = "libc++";
				CLANG_ENABLE_MODULES = YES;
				CLANG_ENABLE_OBJC_ARC = YES;
				CLANG_WARN_BOOL_CONVERSION = YES;
				CLANG_WARN_CONSTANT_CONVERSION = YES;
				CLANG_WARN_DIRECT_OBJC_ISA_USAGE = YES_ERROR;
				CLANG_WARN_DOCUMENTATION_COMMENTS = YES;
				CLANG_WARN_EMPTY_BODY = YES;
				CLANG_WARN_ENUM_CONVERSION = YES;
				CLANG_WARN_INFINITE_RECURSION = YES;
				CLANG_WARN_INT_CONVERSION = YES;
				CLANG_WARN_OBJC_ROOT_CLASS = YES_ERROR;
				CLANG_WARN_SUSPICIOUS_MOVES = YES;
				CLANG_WARN_UNREACHABLE_CODE = YES;
				CLANG_WARN__DUPLICATE_METHOD_MATCH = YES;
				"CODE_SIGN_IDENTITY[sdk=iphoneos*]" = "iPhone Developer";
				COPY_PHASE_STRIP = NO;
				DEBUG_INFORMATION_FORMAT = dwarf;
				ENABLE_STRICT_OBJC_MSGSEND = YES;
				ENABLE_TESTABILITY = YES;
				GCC_C_LANGUAGE_STANDARD = gnu99;
				GCC_DYNAMIC_NO_PIC = NO;
				GCC_NO_COMMON_BLOCKS = YES;
				GCC_OPTIMIZATION_LEVEL = 0;
				GCC_PREPROCESSOR_DEFINITIONS = (
					"DEBUG=1",
					"$(inherited)",
				);
				GCC_WARN_64_TO_32_BIT_CONVERSION = YES;
				GCC_WARN_ABOUT_RETURN_TYPE = YES_ERROR;
				GCC_WARN_UNDECLARED_SELECTOR = YES;
				GCC_WARN_UNINITIALIZED_AUTOS = YES_AGGRESSIVE;
				GCC_WARN_UNUSED_FUNCTION = YES;
				GCC_WARN_UNUSED_VARIABLE = YES;
				IPHONEOS_DEPLOYMENT_TARGET = 10.0;
				MTL_ENABLE_DEBUG_INFO = YES;
				ONLY_ACTIVE_ARCH = YES;
				SDKROOT = iphoneos;
				SWIFT_ACTIVE_COMPILATION_CONDITIONS = DEBUG;
				SWIFT_OPTIMIZATION_LEVEL = "-Onone";
			};
			name = Debug;
		};
		CD5632701D99CE4900DA637F /* Release */ = {
			isa = XCBuildConfiguration;
			buildSettings = {
				ALWAYS_SEARCH_USER_PATHS = NO;
				CLANG_ANALYZER_NONNULL = YES;
				CLANG_CXX_LANGUAGE_STANDARD = "gnu++0x";
				CLANG_CXX_LIBRARY = "libc++";
				CLANG_ENABLE_MODULES = YES;
				CLANG_ENABLE_OBJC_ARC = YES;
				CLANG_WARN_BOOL_CONVERSION = YES;
				CLANG_WARN_CONSTANT_CONVERSION = YES;
				CLANG_WARN_DIRECT_OBJC_ISA_USAGE = YES_ERROR;
				CLANG_WARN_DOCUMENTATION_COMMENTS = YES;
				CLANG_WARN_EMPTY_BODY = YES;
				CLANG_WARN_ENUM_CONVERSION = YES;
				CLANG_WARN_INFINITE_RECURSION = YES;
				CLANG_WARN_INT_CONVERSION = YES;
				CLANG_WARN_OBJC_ROOT_CLASS = YES_ERROR;
				CLANG_WARN_SUSPICIOUS_MOVES = YES;
				CLANG_WARN_UNREACHABLE_CODE = YES;
				CLANG_WARN__DUPLICATE_METHOD_MATCH = YES;
				"CODE_SIGN_IDENTITY[sdk=iphoneos*]" = "iPhone Developer";
				COPY_PHASE_STRIP = NO;
				DEBUG_INFORMATION_FORMAT = "dwarf-with-dsym";
				ENABLE_NS_ASSERTIONS = NO;
				ENABLE_STRICT_OBJC_MSGSEND = YES;
				GCC_C_LANGUAGE_STANDARD = gnu99;
				GCC_NO_COMMON_BLOCKS = YES;
				GCC_WARN_64_TO_32_BIT_CONVERSION = YES;
				GCC_WARN_ABOUT_RETURN_TYPE = YES_ERROR;
				GCC_WARN_UNDECLARED_SELECTOR = YES;
				GCC_WARN_UNINITIALIZED_AUTOS = YES_AGGRESSIVE;
				GCC_WARN_UNUSED_FUNCTION = YES;
				GCC_WARN_UNUSED_VARIABLE = YES;
				IPHONEOS_DEPLOYMENT_TARGET = 10.0;
				MTL_ENABLE_DEBUG_INFO = NO;
				SDKROOT = iphoneos;
				SWIFT_OPTIMIZATION_LEVEL = "-Owholemodule";
				VALIDATE_PRODUCT = YES;
			};
			name = Release;
		};
		CD5632721D99CE4900DA637F /* Debug */ = {
			isa = XCBuildConfiguration;
			buildSettings = {
				ASSETCATALOG_COMPILER_APPICON_NAME = AppIcon;
				INFOPLIST_FILE = "Three Amigo/Info.plist";
				LD_RUNPATH_SEARCH_PATHS = "$(inherited) @executable_path/Frameworks";
				PRODUCT_BUNDLE_IDENTIFIER = "com.algonquinlive.oh000024.Three-Amigo";
				PRODUCT_NAME = "$(TARGET_NAME)";
				SWIFT_VERSION = 3.0;
			};
			name = Debug;
		};
		CD5632731D99CE4900DA637F /* Release */ = {
			isa = XCBuildConfiguration;
			buildSettings = {
				ASSETCATALOG_COMPILER_APPICON_NAME = AppIcon;
				INFOPLIST_FILE = "Three Amigo/Info.plist";
				LD_RUNPATH_SEARCH_PATHS = "$(inherited) @executable_path/Frameworks";
				PRODUCT_BUNDLE_IDENTIFIER = "com.algonquinlive.oh000024.Three-Amigo";
				PRODUCT_NAME = "$(TARGET_NAME)";
				SWIFT_VERSION = 3.0;
			};
			name = Release;
		};
/* End XCBuildConfiguration section */

/* Begin XCConfigurationList section */
		CD56325A1D99CE4900DA637F /* Build configuration list for PBXProject "Three Amigo" */ = {
			isa = XCConfigurationList;
			buildConfigurations = (
				CD56326F1D99CE4900DA637F /* Debug */,
				CD5632701D99CE4900DA637F /* Release */,
			);
			defaultConfigurationIsVisible = 0;
			defaultConfigurationName = Release;
		};
		CD5632711D99CE4900DA637F /* Build configuration list for PBXNativeTarget "Three Amigo" */ = {
			isa = XCConfigurationList;
			buildConfigurations = (
				CD5632721D99CE4900DA637F /* Debug */,
				CD5632731D99CE4900DA637F /* Release */,
			);
			defaultConfigurationIsVisible = 0;
		};
/* End XCConfigurationList section */
	};
	rootObject = CD5632571D99CE4900DA637F /* Project object */;
}
